
Microsoft Visual Studio Solution File, Format Version 12.00
# Visual Studio Version 17
VisualStudioVersion = 17.6.33829.357
MinimumVisualStudioVersion = 10.0.40219.1
Project("{FAE04EC0-301F-11D3-BF4B-00C04F79EFBC}") = "ConsoleUI", "ConsoleUI\ConsoleUI.csproj", "{0E0F7E6E-D19F-448C-BA48-22D402A522C5}"
EndProject
Project("{FAE04EC0-301F-11D3-BF4B-00C04F79EFBC}") = "EntityFrameworkTest.Data", "EntityFrameworkLib\EntityFrameworkTest.Data.csproj", "{B540D713-C961-44B9-8056-7C32ADF23372}"
EndProject
Project("{FAE04EC0-301F-11D3-BF4B-00C04F79EFBC}") = "EntityFrameworkTest.Application", "EntityFrameworkTest.Application\EntityFrameworkTest.Application.csproj", "{57FCCECA-C4F7-46D4-B12D-82BD448AE35D}"
EndProject
Global
	GlobalSection(SolutionConfigurationPlatforms) = preSolution
		Debug|Any CPU = Debug|Any CPU
		Release|Any CPU = Release|Any CPU
	EndGlobalSection
	GlobalSection(ProjectConfigurationPlatforms) = postSolution
		{0E0F7E6E-D19F-448C-BA48-22D402A522C5}.Debug|Any CPU.ActiveCfg = Debug|Any CPU
		{0E0F7E6E-D19F-448C-BA48-22D402A522C5}.Debug|Any CPU.Build.0 = Debug|Any CPU
		{0E0F7E6E-D19F-448C-BA48-22D402A522C5}.Release|Any CPU.ActiveCfg = Release|Any CPU
		{0E0F7E6E-D19F-448C-BA48-22D402A522C5}.Release|Any CPU.Build.0 = Release|Any CPU
		{B540D713-C961-44B9-8056-7C32ADF23372}.Debug|Any CPU.ActiveCfg = Debug|Any CPU
		{B540D713-C961-44B9-8056-7C32ADF23372}.Debug|Any CPU.Build.0 = Debug|Any CPU
		{B540D713-C961-44B9-8056-7C32ADF23372}.Release|Any CPU.ActiveCfg = Release|Any CPU
		{B540D713-C961-44B9-8056-7C32ADF23372}.Release|Any CPU.Build.0 = Release|Any CPU
		{57FCCECA-C4F7-46D4-B12D-82BD448AE35D}.Debug|Any CPU.ActiveCfg = Debug|Any CPU
		{57FCCECA-C4F7-46D4-B12D-82BD448AE35D}.Debug|Any CPU.Build.0 = Debug|Any CPU
		{57FCCECA-C4F7-46D4-B12D-82BD448AE35D}.Release|Any CPU.ActiveCfg = Release|Any CPU
		{57FCCECA-C4F7-46D4-B12D-82BD448AE35D}.Release|Any CPU.Build.0 = Release|Any CPU
	EndGlobalSection
	GlobalSection(SolutionProperties) = preSolution
		HideSolutionNode = FALSE
	EndGlobalSection
	GlobalSection(ExtensibilityGlobals) = postSolution
		SolutionGuid = {27B8539D-7303-416E-AC40-50C704AFA785}
	EndGlobalSection
EndGlobal
